{
  "name": "opoint-test-ts",
  "lockfileVersion": 3,
  "requires": true,
  "packages": {
    "": {
      "dependencies": {
        "@opoint/storedsearch": "^0.0.12"
      },
      "devDependencies": {
        "@types/node": "^20.13.0",
        "typescript": "^5.4.5"
      }
    },
    "node_modules/@opoint/core": {
      "version": "0.0.12",
      "resolved": "https://registry.npmjs.org/@opoint/core/-/core-0.0.12.tgz",
      "integrity": "sha512-YMQpD0FuE0NDc7SuOxba5vif13xADMliHBMsoo8xfroErSE0C/r5/H8eMv1rq/QVd8VLXRLFAjXlyIPF8VThog==",
      "dependencies": {
        "@opoint/types": "*"
      }
    },
    "node_modules/@opoint/storedsearch": {
      "version": "0.0.12",
      "resolved": "https://registry.npmjs.org/@opoint/storedsearch/-/storedsearch-0.0.12.tgz",
      "integrity": "sha512-qKi7SvuRwYSE5mLm48Bs8LctEUO/6ZTsLcTFYCcCRbzuNz4cW+9yo2VSkpySeArrxmSRZVs9Mctwl+TXbJJRAw==",
      "dependencies": {
        "@opoint/core": "*",
        "@opoint/types": "*"
      }
    },
    "node_modules/@opoint/types": {
      "version": "0.0.12",
      "resolved": "https://registry.npmjs.org/@opoint/types/-/types-0.0.12.tgz",
      "integrity": "sha512-Cqb7huE9fmnz4YJezPbR8R6sy32EgAiD+o3LzkYlmELdWKC9osUF3plj3pE8o/c+UoQKbh0NyhZSD7SOxL5x6Q=="
    },
    "node_modules/@types/node": {
      "version": "20.13.0",
      "resolved": "https://registry.npmjs.org/@types/node/-/node-20.13.0.tgz",
      "integrity": "sha512-FM6AOb3khNkNIXPnHFDYaHerSv8uN22C91z098AnGccVu+Pcdhi+pNUFDi0iLmPIsVE0JBD0KVS7mzUYt4nRzQ==",
      "dev": true,
      "dependencies": {
        "undici-types": "~5.26.4"
      }
    },
    "node_modules/typescript": {
      "version": "5.4.5",
      "resolved": "https://registry.npmjs.org/typescript/-/typescript-5.4.5.tgz",
      "integrity": "sha512-vcI4UpRgg81oIRUFwR0WSIHKt11nJ7SAVlYNIu+QpqeyXP+gpQJy/Z4+F0aGxSE4MqwjyXvW/TzgkLAx2AGHwQ==",
      "dev": true,
      "bin": {
        "tsc": "bin/tsc",
        "tsserver": "bin/tsserver"
      },
      "engines": {
        "node": ">=14.17"
      }
    },
    "node_modules/undici-types": {
      "version": "5.26.5",
      "resolved": "https://registry.npmjs.org/undici-types/-/undici-types-5.26.5.tgz",
      "integrity": "sha512-JlCMO+ehdEIKqlFxk6IfVoAUVmgz7cU7zD/h9XZ0qzeosSHmUJVOzSQvvYSYWXkFXC+IfLKSIffhv0sVZup6pA==",
      "dev": true
    }
  }
}
